
Microsoft Visual Studio Solution File, Format Version 12.00
Project("{FAE04EC0-301F-11D3-BF4B-00C04F79EFBC}") = "ClansAPI", "ClansAPI\ClansAPI.csproj", "{568E675B-3EEE-41C3-AE9F-0D9985AD2801}"
EndProject
Global
	GlobalSection(SolutionConfigurationPlatforms) = preSolution
		Debug|Any CPU = Debug|Any CPU
		Release|Any CPU = Release|Any CPU
	EndGlobalSection
	GlobalSection(ProjectConfigurationPlatforms) = postSolution
		{568E675B-3EEE-41C3-AE9F-0D9985AD2801}.Debug|Any CPU.ActiveCfg = Debug|Any CPU
		{568E675B-3EEE-41C3-AE9F-0D9985AD2801}.Debug|Any CPU.Build.0 = Debug|Any CPU
		{568E675B-3EEE-41C3-AE9F-0D9985AD2801}.Release|Any CPU.ActiveCfg = Release|Any CPU
		{568E675B-3EEE-41C3-AE9F-0D9985AD2801}.Release|Any CPU.Build.0 = Release|Any CPU
	EndGlobalSection
EndGlobal
