
Microsoft Visual Studio Solution File, Format Version 12.00
Project("{FAE04EC0-301F-11D3-BF4B-00C04F79EFBC}") = "OnlineBankAPI", "OnlineBankAPI\OnlineBankAPI.csproj", "{46F8B93F-8ACB-4922-8422-A88379FD759C}"
EndProject
Global
	GlobalSection(SolutionConfigurationPlatforms) = preSolution
		Debug|Any CPU = Debug|Any CPU
		Release|Any CPU = Release|Any CPU
	EndGlobalSection
	GlobalSection(ProjectConfigurationPlatforms) = postSolution
		{46F8B93F-8ACB-4922-8422-A88379FD759C}.Debug|Any CPU.ActiveCfg = Debug|Any CPU
		{46F8B93F-8ACB-4922-8422-A88379FD759C}.Debug|Any CPU.Build.0 = Debug|Any CPU
		{46F8B93F-8ACB-4922-8422-A88379FD759C}.Release|Any CPU.ActiveCfg = Release|Any CPU
		{46F8B93F-8ACB-4922-8422-A88379FD759C}.Release|Any CPU.Build.0 = Release|Any CPU
	EndGlobalSection
EndGlobal
